
Microsoft Visual Studio Solution File, Format Version 12.00
# Visual Studio Version 16
VisualStudioVersion = 16.0.32802.440
MinimumVisualStudioVersion = 10.0.40219.1
Project("{FAE04EC0-301F-11D3-BF4B-00C04F79EFBC}") = "Reporte_Ventas_2023_Parametros", "Reporte_Ventas_2023_Parametros\Reporte_Ventas_2023_Parametros.csproj", "{9A67D74B-5307-4144-B4EA-BF362D037498}"
EndProject
Global
	GlobalSection(SolutionConfigurationPlatforms) = preSolution
		Debug|Any CPU = Debug|Any CPU
		Release|Any CPU = Release|Any CPU
	EndGlobalSection
	GlobalSection(ProjectConfigurationPlatforms) = postSolution
		{9A67D74B-5307-4144-B4EA-BF362D037498}.Debug|Any CPU.ActiveCfg = Debug|Any CPU
		{9A67D74B-5307-4144-B4EA-BF362D037498}.Debug|Any CPU.Build.0 = Debug|Any CPU
		{9A67D74B-5307-4144-B4EA-BF362D037498}.Release|Any CPU.ActiveCfg = Release|Any CPU
		{9A67D74B-5307-4144-B4EA-BF362D037498}.Release|Any CPU.Build.0 = Release|Any CPU
	EndGlobalSection
	GlobalSection(SolutionProperties) = preSolution
		HideSolutionNode = FALSE
	EndGlobalSection
	GlobalSection(ExtensibilityGlobals) = postSolution
		SolutionGuid = {439241B2-E5B6-4930-8EAA-E416ACE58AFC}
	EndGlobalSection
EndGlobal
